
Microsoft Visual Studio Solution File, Format Version 12.00
# Visual Studio Version 16
VisualStudioVersion = 16.0.32630.194
MinimumVisualStudioVersion = 10.0.40219.1
Project("{FAE04EC0-301F-11D3-BF4B-00C04F79EFBC}") = "Semana16-SitioWeb_CRUD_Usuario", "Semana16-SitioWeb_CRUD_Usuario.csproj", "{6D229E4B-ED36-4339-AB31-E2773B2AFB95}"
EndProject
Global
	GlobalSection(SolutionConfigurationPlatforms) = preSolution
		Debug|Any CPU = Debug|Any CPU
		Release|Any CPU = Release|Any CPU
	EndGlobalSection
	GlobalSection(ProjectConfigurationPlatforms) = postSolution
		{6D229E4B-ED36-4339-AB31-E2773B2AFB95}.Debug|Any CPU.ActiveCfg = Debug|Any CPU
		{6D229E4B-ED36-4339-AB31-E2773B2AFB95}.Debug|Any CPU.Build.0 = Debug|Any CPU
		{6D229E4B-ED36-4339-AB31-E2773B2AFB95}.Release|Any CPU.ActiveCfg = Release|Any CPU
		{6D229E4B-ED36-4339-AB31-E2773B2AFB95}.Release|Any CPU.Build.0 = Release|Any CPU
	EndGlobalSection
	GlobalSection(SolutionProperties) = preSolution
		HideSolutionNode = FALSE
	EndGlobalSection
	GlobalSection(ExtensibilityGlobals) = postSolution
		SolutionGuid = {F51C46C7-84BD-4323-A0EA-A468072F732A}
	EndGlobalSection
EndGlobal
